
Microsoft Visual Studio Solution File, Format Version 12.00
# Visual Studio Version 17
VisualStudioVersion = 17.10.35013.160
MinimumVisualStudioVersion = 10.0.40219.1
Project("{FAE04EC0-301F-11D3-BF4B-00C04F79EFBC}") = "EMPCrud1", "EMPCrud1\EMPCrud1.csproj", "{F453592D-02C8-46F3-854F-DEAA60698A48}"
EndProject
Global
	GlobalSection(SolutionConfigurationPlatforms) = preSolution
		Debug|Any CPU = Debug|Any CPU
		Release|Any CPU = Release|Any CPU
	EndGlobalSection
	GlobalSection(ProjectConfigurationPlatforms) = postSolution
		{F453592D-02C8-46F3-854F-DEAA60698A48}.Debug|Any CPU.ActiveCfg = Debug|Any CPU
		{F453592D-02C8-46F3-854F-DEAA60698A48}.Debug|Any CPU.Build.0 = Debug|Any CPU
		{F453592D-02C8-46F3-854F-DEAA60698A48}.Release|Any CPU.ActiveCfg = Release|Any CPU
		{F453592D-02C8-46F3-854F-DEAA60698A48}.Release|Any CPU.Build.0 = Release|Any CPU
	EndGlobalSection
	GlobalSection(SolutionProperties) = preSolution
		HideSolutionNode = FALSE
	EndGlobalSection
	GlobalSection(ExtensibilityGlobals) = postSolution
		SolutionGuid = {182F7ADC-8CE3-44A6-B7DA-3CF1A0604A0F}
	EndGlobalSection
EndGlobal
