
Microsoft Visual Studio Solution File, Format Version 12.00
# Visual Studio Version 17
VisualStudioVersion = 17.10.35013.160
MinimumVisualStudioVersion = 10.0.40219.1
Project("{FAE04EC0-301F-11D3-BF4B-00C04F79EFBC}") = "dbfirstdemocrud", "dbfirstdemocrud\dbfirstdemocrud.csproj", "{F6165B54-D7EC-4BE6-B4F8-B483C82E12FE}"
EndProject
Global
	GlobalSection(SolutionConfigurationPlatforms) = preSolution
		Debug|Any CPU = Debug|Any CPU
		Release|Any CPU = Release|Any CPU
	EndGlobalSection
	GlobalSection(ProjectConfigurationPlatforms) = postSolution
		{F6165B54-D7EC-4BE6-B4F8-B483C82E12FE}.Debug|Any CPU.ActiveCfg = Debug|Any CPU
		{F6165B54-D7EC-4BE6-B4F8-B483C82E12FE}.Debug|Any CPU.Build.0 = Debug|Any CPU
		{F6165B54-D7EC-4BE6-B4F8-B483C82E12FE}.Release|Any CPU.ActiveCfg = Release|Any CPU
		{F6165B54-D7EC-4BE6-B4F8-B483C82E12FE}.Release|Any CPU.Build.0 = Release|Any CPU
	EndGlobalSection
	GlobalSection(SolutionProperties) = preSolution
		HideSolutionNode = FALSE
	EndGlobalSection
	GlobalSection(ExtensibilityGlobals) = postSolution
		SolutionGuid = {5A8D1A5A-971A-4A5F-A265-CEB16AC4475F}
	EndGlobalSection
EndGlobal
