
Microsoft Visual Studio Solution File, Format Version 12.00
# Visual Studio Version 17
VisualStudioVersion = 17.10.35013.160
MinimumVisualStudioVersion = 10.0.40219.1
Project("{FAE04EC0-301F-11D3-BF4B-00C04F79EFBC}") = "Payment Processing System", "Payment Processing System\Payment Processing System.csproj", "{55BF36D3-16CF-4F5A-A79E-E10517331069}"
EndProject
Global
	GlobalSection(SolutionConfigurationPlatforms) = preSolution
		Debug|Any CPU = Debug|Any CPU
		Release|Any CPU = Release|Any CPU
	EndGlobalSection
	GlobalSection(ProjectConfigurationPlatforms) = postSolution
		{55BF36D3-16CF-4F5A-A79E-E10517331069}.Debug|Any CPU.ActiveCfg = Debug|Any CPU
		{55BF36D3-16CF-4F5A-A79E-E10517331069}.Debug|Any CPU.Build.0 = Debug|Any CPU
		{55BF36D3-16CF-4F5A-A79E-E10517331069}.Release|Any CPU.ActiveCfg = Release|Any CPU
		{55BF36D3-16CF-4F5A-A79E-E10517331069}.Release|Any CPU.Build.0 = Release|Any CPU
	EndGlobalSection
	GlobalSection(SolutionProperties) = preSolution
		HideSolutionNode = FALSE
	EndGlobalSection
	GlobalSection(ExtensibilityGlobals) = postSolution
		SolutionGuid = {79A5563B-11A8-4754-B14B-639ED1383E12}
	EndGlobalSection
EndGlobal
