
Microsoft Visual Studio Solution File, Format Version 12.00
# Visual Studio Version 17
VisualStudioVersion = 17.10.35013.160
MinimumVisualStudioVersion = 10.0.40219.1
Project("{FAE04EC0-301F-11D3-BF4B-00C04F79EFBC}") = "codefirstrough1", "codefirstrough1\codefirstrough1.csproj", "{F226EA4B-DB6E-4334-8939-DE87F6AF235B}"
EndProject
Global
	GlobalSection(SolutionConfigurationPlatforms) = preSolution
		Debug|Any CPU = Debug|Any CPU
		Release|Any CPU = Release|Any CPU
	EndGlobalSection
	GlobalSection(ProjectConfigurationPlatforms) = postSolution
		{F226EA4B-DB6E-4334-8939-DE87F6AF235B}.Debug|Any CPU.ActiveCfg = Debug|Any CPU
		{F226EA4B-DB6E-4334-8939-DE87F6AF235B}.Debug|Any CPU.Build.0 = Debug|Any CPU
		{F226EA4B-DB6E-4334-8939-DE87F6AF235B}.Release|Any CPU.ActiveCfg = Release|Any CPU
		{F226EA4B-DB6E-4334-8939-DE87F6AF235B}.Release|Any CPU.Build.0 = Release|Any CPU
	EndGlobalSection
	GlobalSection(SolutionProperties) = preSolution
		HideSolutionNode = FALSE
	EndGlobalSection
	GlobalSection(ExtensibilityGlobals) = postSolution
		SolutionGuid = {523FBA04-06BD-43A6-9C15-93E69B486AFB}
	EndGlobalSection
EndGlobal
