
Microsoft Visual Studio Solution File, Format Version 12.00
# Visual Studio Version 17
VisualStudioVersion = 17.10.35013.160
MinimumVisualStudioVersion = 10.0.40219.1
Project("{FAE04EC0-301F-11D3-BF4B-00C04F79EFBC}") = "PracticalTest", "Practical1\PracticalTest.csproj", "{AC1A28C6-8D6A-4B3B-B6BE-C9F3E4B3EB8E}"
EndProject
Global
	GlobalSection(SolutionConfigurationPlatforms) = preSolution
		Debug|Any CPU = Debug|Any CPU
		Release|Any CPU = Release|Any CPU
	EndGlobalSection
	GlobalSection(ProjectConfigurationPlatforms) = postSolution
		{AC1A28C6-8D6A-4B3B-B6BE-C9F3E4B3EB8E}.Debug|Any CPU.ActiveCfg = Debug|Any CPU
		{AC1A28C6-8D6A-4B3B-B6BE-C9F3E4B3EB8E}.Debug|Any CPU.Build.0 = Debug|Any CPU
		{AC1A28C6-8D6A-4B3B-B6BE-C9F3E4B3EB8E}.Release|Any CPU.ActiveCfg = Release|Any CPU
		{AC1A28C6-8D6A-4B3B-B6BE-C9F3E4B3EB8E}.Release|Any CPU.Build.0 = Release|Any CPU
	EndGlobalSection
	GlobalSection(SolutionProperties) = preSolution
		HideSolutionNode = FALSE
	EndGlobalSection
	GlobalSection(ExtensibilityGlobals) = postSolution
		SolutionGuid = {076A8CDD-17FF-4C5C-A221-699B3D08A502}
	EndGlobalSection
EndGlobal
