
Microsoft Visual Studio Solution File, Format Version 12.00
# Visual Studio Version 17
VisualStudioVersion = 17.10.35013.160
MinimumVisualStudioVersion = 10.0.40219.1
Project("{FAE04EC0-301F-11D3-BF4B-00C04F79EFBC}") = "JQueryAjaxCRUD", "JQueryAjaxCRUD\JQueryAjaxCRUD.csproj", "{F769A65A-1A9B-4AD7-A823-E0FA79BA2E5D}"
EndProject
Global
	GlobalSection(SolutionConfigurationPlatforms) = preSolution
		Debug|Any CPU = Debug|Any CPU
		Release|Any CPU = Release|Any CPU
	EndGlobalSection
	GlobalSection(ProjectConfigurationPlatforms) = postSolution
		{F769A65A-1A9B-4AD7-A823-E0FA79BA2E5D}.Debug|Any CPU.ActiveCfg = Debug|Any CPU
		{F769A65A-1A9B-4AD7-A823-E0FA79BA2E5D}.Debug|Any CPU.Build.0 = Debug|Any CPU
		{F769A65A-1A9B-4AD7-A823-E0FA79BA2E5D}.Release|Any CPU.ActiveCfg = Release|Any CPU
		{F769A65A-1A9B-4AD7-A823-E0FA79BA2E5D}.Release|Any CPU.Build.0 = Release|Any CPU
	EndGlobalSection
	GlobalSection(SolutionProperties) = preSolution
		HideSolutionNode = FALSE
	EndGlobalSection
	GlobalSection(ExtensibilityGlobals) = postSolution
		SolutionGuid = {E723D072-F328-4D9C-9209-014D694E7411}
	EndGlobalSection
EndGlobal
