
Microsoft Visual Studio Solution File, Format Version 12.00
# Visual Studio Version 17
VisualStudioVersion = 17.10.35013.160
MinimumVisualStudioVersion = 10.0.40219.1
Project("{FAE04EC0-301F-11D3-BF4B-00C04F79EFBC}") = "SignalRChat", "SignalRChat\SignalRChat.csproj", "{99C77D12-E1B7-4D29-AAEB-8F46BE81BCE9}"
EndProject
Global
	GlobalSection(SolutionConfigurationPlatforms) = preSolution
		Debug|Any CPU = Debug|Any CPU
		Release|Any CPU = Release|Any CPU
	EndGlobalSection
	GlobalSection(ProjectConfigurationPlatforms) = postSolution
		{99C77D12-E1B7-4D29-AAEB-8F46BE81BCE9}.Debug|Any CPU.ActiveCfg = Debug|Any CPU
		{99C77D12-E1B7-4D29-AAEB-8F46BE81BCE9}.Debug|Any CPU.Build.0 = Debug|Any CPU
		{99C77D12-E1B7-4D29-AAEB-8F46BE81BCE9}.Release|Any CPU.ActiveCfg = Release|Any CPU
		{99C77D12-E1B7-4D29-AAEB-8F46BE81BCE9}.Release|Any CPU.Build.0 = Release|Any CPU
	EndGlobalSection
	GlobalSection(SolutionProperties) = preSolution
		HideSolutionNode = FALSE
	EndGlobalSection
	GlobalSection(ExtensibilityGlobals) = postSolution
		SolutionGuid = {4568BF57-A624-42C1-AE99-90BBF78C80D1}
	EndGlobalSection
EndGlobal
