
Microsoft Visual Studio Solution File, Format Version 12.00
# Visual Studio Version 17
VisualStudioVersion = 17.10.35013.160
MinimumVisualStudioVersion = 10.0.40219.1
Project("{FAE04EC0-301F-11D3-BF4B-00C04F79EFBC}") = "EmployeeAPI", "EmployeeAPI\EmployeeAPI.csproj", "{87D8A92A-1F38-4650-A8EB-2F03BD2BB445}"
EndProject
Global
	GlobalSection(SolutionConfigurationPlatforms) = preSolution
		Debug|Any CPU = Debug|Any CPU
		Release|Any CPU = Release|Any CPU
	EndGlobalSection
	GlobalSection(ProjectConfigurationPlatforms) = postSolution
		{87D8A92A-1F38-4650-A8EB-2F03BD2BB445}.Debug|Any CPU.ActiveCfg = Debug|Any CPU
		{87D8A92A-1F38-4650-A8EB-2F03BD2BB445}.Debug|Any CPU.Build.0 = Debug|Any CPU
		{87D8A92A-1F38-4650-A8EB-2F03BD2BB445}.Release|Any CPU.ActiveCfg = Release|Any CPU
		{87D8A92A-1F38-4650-A8EB-2F03BD2BB445}.Release|Any CPU.Build.0 = Release|Any CPU
	EndGlobalSection
	GlobalSection(SolutionProperties) = preSolution
		HideSolutionNode = FALSE
	EndGlobalSection
	GlobalSection(ExtensibilityGlobals) = postSolution
		SolutionGuid = {2F594705-BFA0-4914-905A-492A9CEEF9B7}
	EndGlobalSection
EndGlobal
