
Microsoft Visual Studio Solution File, Format Version 12.00
# Visual Studio Version 17
VisualStudioVersion = 17.10.35013.160
MinimumVisualStudioVersion = 10.0.40219.1
Project("{FAE04EC0-301F-11D3-BF4B-00C04F79EFBC}") = "EmployeeManagement", "EmployeeManagement\EmployeeManagement.csproj", "{5D03C4E4-703B-4CF2-A9A0-C03C0D188C39}"
EndProject
Global
	GlobalSection(SolutionConfigurationPlatforms) = preSolution
		Debug|Any CPU = Debug|Any CPU
		Release|Any CPU = Release|Any CPU
	EndGlobalSection
	GlobalSection(ProjectConfigurationPlatforms) = postSolution
		{5D03C4E4-703B-4CF2-A9A0-C03C0D188C39}.Debug|Any CPU.ActiveCfg = Debug|Any CPU
		{5D03C4E4-703B-4CF2-A9A0-C03C0D188C39}.Debug|Any CPU.Build.0 = Debug|Any CPU
		{5D03C4E4-703B-4CF2-A9A0-C03C0D188C39}.Release|Any CPU.ActiveCfg = Release|Any CPU
		{5D03C4E4-703B-4CF2-A9A0-C03C0D188C39}.Release|Any CPU.Build.0 = Release|Any CPU
	EndGlobalSection
	GlobalSection(SolutionProperties) = preSolution
		HideSolutionNode = FALSE
	EndGlobalSection
	GlobalSection(ExtensibilityGlobals) = postSolution
		SolutionGuid = {B77F45F0-B289-4E77-A8F5-F7D2C4D63AD6}
	EndGlobalSection
EndGlobal
